
Microsoft Visual Studio Solution File, Format Version 12.00
# Visual Studio Version 17
VisualStudioVersion = 17.1.32421.90
MinimumVisualStudioVersion = 10.0.40219.1
Project("{9A19103F-16F7-4668-BE54-9A1E7A4F7556}") = "TestAutomation", "TestAutomation.csproj", "{05490849-D779-4316-A4EB-A0A1A7054498}"
EndProject
Global
	GlobalSection(SolutionConfigurationPlatforms) = preSolution
		Debug|Any CPU = Debug|Any CPU
		Release|Any CPU = Release|Any CPU
	EndGlobalSection
	GlobalSection(ProjectConfigurationPlatforms) = postSolution
		{05490849-D779-4316-A4EB-A0A1A7054498}.Debug|Any CPU.ActiveCfg = Debug|Any CPU
		{05490849-D779-4316-A4EB-A0A1A7054498}.Debug|Any CPU.Build.0 = Debug|Any CPU
		{05490849-D779-4316-A4EB-A0A1A7054498}.Release|Any CPU.ActiveCfg = Release|Any CPU
		{05490849-D779-4316-A4EB-A0A1A7054498}.Release|Any CPU.Build.0 = Release|Any CPU
	EndGlobalSection
	GlobalSection(SolutionProperties) = preSolution
		HideSolutionNode = FALSE
	EndGlobalSection
	GlobalSection(ExtensibilityGlobals) = postSolution
		SolutionGuid = {5BD2BAB7-D576-43B9-9F9A-BF46A764A59A}
	EndGlobalSection
EndGlobal
